dependencies:
  chmorgan/esp-libhelix-mp3:
    component_hash: cbb76089dc2c5749f7b470e2e70aedc44c9da519e04eb9a67d4c7ec275229e53
    source:
      service_url: https://api.components.espressif.com/
      type: service
    version: 1.0.3
  idf:
    component_hash: null
    source:
      type: idf
    version: 5.1.2
manifest_hash: aec7f6a973d45a553702f94d7b674955788f7abc77912bb3c859052737e0624f
target: esp32
version: 1.0.0
